
Microsoft Visual Studio Solution File, Format Version 12.00
# Visual Studio Version 17
VisualStudioVersion = 17.3.32901.215
MinimumVisualStudioVersion = 10.0.40219.1
Project("{FAE04EC0-301F-11D3-BF4B-00C04F79EFBC}") = "AviaSea", "AviaSea\AviaSea.csproj", "{161EEC30-7841-4D62-B40B-2D46CBF1CCCF}"
EndProject
Global
	GlobalSection(SolutionConfigurationPlatforms) = preSolution
		Debug|Any CPU = Debug|Any CPU
		Release|Any CPU = Release|Any CPU
	EndGlobalSection
	GlobalSection(ProjectConfigurationPlatforms) = postSolution
		{161EEC30-7841-4D62-B40B-2D46CBF1CCCF}.Debug|Any CPU.ActiveCfg = Debug|Any CPU
		{161EEC30-7841-4D62-B40B-2D46CBF1CCCF}.Debug|Any CPU.Build.0 = Debug|Any CPU
		{161EEC30-7841-4D62-B40B-2D46CBF1CCCF}.Release|Any CPU.ActiveCfg = Release|Any CPU
		{161EEC30-7841-4D62-B40B-2D46CBF1CCCF}.Release|Any CPU.Build.0 = Release|Any CPU
	EndGlobalSection
	GlobalSection(SolutionProperties) = preSolution
		HideSolutionNode = FALSE
	EndGlobalSection
	GlobalSection(ExtensibilityGlobals) = postSolution
		SolutionGuid = {1630CB85-CCFF-48F4-9FA1-573A73EAEE20}
	EndGlobalSection
EndGlobal
